
Microsoft Visual Studio Solution File, Format Version 12.00
# Visual Studio 14
VisualStudioVersion = 14.0.25420.1
MinimumVisualStudioVersion = 10.0.40219.1
Project("{FAE04EC0-301F-11D3-BF4B-00C04F79EFBC}") = "StorageRESTAPICall", "StorageRESTAPICall\StorageRESTAPICall.csproj", "{E24B48ED-58FE-4951-92DB-13E8661B6E8B}"
EndProject
Project("{2150E333-8FDC-42A3-9474-1A3956D46DE8}") = "Solution Items", "Solution Items", "{B72857AB-5AC6-4FFA-81BA-51D3BD155C93}"
	ProjectSection(SolutionItems) = preProject
		README.md = README.md
	EndProjectSection
EndProject
Global
	GlobalSection(SolutionConfigurationPlatforms) = preSolution
		Debug|Any CPU = Debug|Any CPU
		Release|Any CPU = Release|Any CPU
	EndGlobalSection
	GlobalSection(ProjectConfigurationPlatforms) = postSolution
		{E24B48ED-58FE-4951-92DB-13E8661B6E8B}.Debug|Any CPU.ActiveCfg = Debug|Any CPU
		{E24B48ED-58FE-4951-92DB-13E8661B6E8B}.Debug|Any CPU.Build.0 = Debug|Any CPU
		{E24B48ED-58FE-4951-92DB-13E8661B6E8B}.Release|Any CPU.ActiveCfg = Release|Any CPU
		{E24B48ED-58FE-4951-92DB-13E8661B6E8B}.Release|Any CPU.Build.0 = Release|Any CPU
	EndGlobalSection
	GlobalSection(SolutionProperties) = preSolution
		HideSolutionNode = FALSE
	EndGlobalSection
EndGlobal
